{
    "_meta": {
        "hash": {
            "sha256": "b58a3e7ba81c1834653a5de6cbe8c01d168b2585ad1f69f3928bcb22a5c8b14a"
        },
        "pipfile-spec": 6,
        "requires": {
            "python_version": "3.6"
        },
        "sources": [
            {
                "name": "pypi",
                "url": "https://pypi.python.org/simple",
                "verify_ssl": true
            }
        ]
    },
    "default": {
        "certifi": {
            "hashes": [
                "sha256:2bbf76fd432960138b3ef6dda3dde0544f27cbf8546c458e60baf371917ba9ee",
                "sha256:50b1e4f8446b06f41be7dd6338db18e0990601dce795c2b1686458aa7e8fa7d8"
            ],
            "version": "==2021.5.30"
        },
        "chardet": {
            "hashes": [
                "sha256:84ab92ed1c4d4f16916e05906b6b75a6c0fb5db821cc65e70cbd64a3e2a5eaae",
                "sha256:fc323ffcaeaed0e0a02bf4d117757b98aed530d9ed4531e3e15460124c106691"
            ],
            "version": "==3.0.4"
        },
        "django": {
            "hashes": [
                "sha256:3339ff0e03dee13045aef6ae7b523edff75b6d726adf7a7a48f53d5a501f7db7",
                "sha256:f2084ceecff86b1e631c2cd4107d435daf4e12f1efcdf11061a73bf0b5e95f92"
            ],
            "index": "pypi",
            "version": "==2.2.24"
        },
        "django-extensions": {
            "hashes": [
                "sha256:a9db7c56a556d244184f589f2437b4228de86ee45e5ebb837fb20c6d54e95ea5",
                "sha256:b58320d3fe3d6ae7d1d8e38959713fa92272f4921e662d689058d942a5b444f7"
            ],
            "index": "pypi",
            "version": "==2.2.5"
        },
        "gunicorn": {
            "hashes": [
                "sha256:0806b5e8a2eb8ba9ac1be65d7b743ec896fc25f5d6cb16c5e051540157b315bb",
                "sha256:ef69dea4814df95e64e3f40b47b7ffedc6911c5009233be9d01cfd0d14aa3f50"
            ],
            "index": "pypi",
            "version": "==20.0.0"
        },
        "idna": {
            "hashes": [
                "sha256:c357b3f628cf53ae2c4c05627ecc484553142ca23264e593d327bcde5e9c3407",
                "sha256:ea8b7f6188e6fa117537c3df7da9fc686d485087abf6ac197f9c46432f7e4a3c"
            ],
            "version": "==2.8"
        },
        "pycryptodome": {
            "hashes": [
                "sha256:042ae873baadd0c33b4d699a5c5b976ade3233a979d972f98ca82314632d868c",
                "sha256:0502876279772b1384b660ccc91563d04490d562799d8e2e06b411e2d81128a9",
                "sha256:2de33ed0a95855735d5a0fc0c39603314df9e78ee8bbf0baa9692fb46b3b8bbb",
                "sha256:319e568baf86620b419d53063b18c216abf924875966efdfe06891b987196a45",
                "sha256:4372ec7518727172e1605c0843cdc5375d4771e447b8148c787b860260aae151",
                "sha256:48821950ffb9c836858d8fa09d7840b6df52eadd387a3c5acece55cb387743f9",
                "sha256:4b9533d4166ca07abdd49ce9d516666b1df944997fe135d4b21ac376aa624aff",
                "sha256:54456cf85130e01674d21fb1ab89ffccacb138a8ade88d72fa2b0ac898d2798b",
                "sha256:56fdd0e425f1b8fd3a00b6d96351f86226674974814c50534864d0124d48871f",
                "sha256:57b1b707363490c495ad0eeb38bd1b0e1697c497af25fad78d3a1ebf0477fd5b",
                "sha256:5c485ed6e9718ebcaa81138fa70ace9c563d202b56a8cee119b4085b023931f5",
                "sha256:63c103a22cbe9752f6ea9f1a0de129995bad91c4d03a66c67cffcf6ee0c9f1e1",
                "sha256:68fab8455efcbfe87c5d75015476f9b606227ffe244d57bfd66269451706e899",
                "sha256:6c2720696b10ae356040e888bde1239b8957fe18885ccf5e7b4e8dec882f0856",
                "sha256:72166c2ac520a5dbd2d90208b9c279161ec0861662a621892bd52fb6ca13ab91",
                "sha256:7c52308ac5b834331b2f107a490b2c27de024a229b61df4cdc5c131d563dfe98",
                "sha256:87d8d85b4792ca5e730fb7a519fbc3ed976c59dcf79c5204589c59afd56b9926",
                "sha256:896e9b6fd0762aa07b203c993fbbee7a1f1a4674c6886afd7bfa86f3d1be98a8",
                "sha256:8a799bea3c6617736e914a2e77c409f52893d382f619f088f8a80e2e21f573c1",
                "sha256:9d9945ac8375d5d8e60bd2a2e1df5882eaa315522eedf3ca868b1546dfa34eba",
                "sha256:9ef966c727de942de3e41aa8462c4b7b4bca70f19af5a3f99e31376589c11aac",
                "sha256:a168e73879619b467072509a223282a02c8047d932a48b74fbd498f27224aa04",
                "sha256:a30f501bbb32e01a49ef9e09ca1260e5ab49bf33a257080ec553e08997acc487",
                "sha256:a8ca2450394d3699c9f15ef25e8de9a24b401933716a1e39d37fa01f5fe3c58b",
                "sha256:aec4d42deb836b8fb3ba32f2ba1ef0d33dd3dc9d430b1479ee7a914490d15b5e",
                "sha256:b4af098f2a50f8d048ab12cabb59456585c0acf43d90ee79782d2d6d0ed59dba",
                "sha256:b55c60c321ac91945c60a40ac9896ac7a3d432bb3e8c14006dfd82ad5871c331",
                "sha256:c53348358408d94869059e16fba5ff3bef8c52c25b18421472aba272b9bb450f",
                "sha256:cbfd97f9e060f0d30245cd29fa267a9a84de9da97559366fca0a3f7655acc63f",
                "sha256:d3fe3f33ad52bf0c19ee6344b695ba44ffbfa16f3c29ca61116b48d97bd970fb",
                "sha256:e3a79a30d15d9c7c284a7734036ee8abdb5ca3a6f5774d293cdc9e1358c1dc10",
                "sha256:eec0689509389f19875f66ae8dedd59f982240cdab31b9f78a8dc266011df93a"
            ],
            "index": "pypi",
            "version": "==3.9.4"
        },
        "pytz": {
            "hashes": [
                "sha256:83a4a90894bf38e243cf052c8b58f381bfe9a7a483f6a9cab140bc7f702ac4da",
                "sha256:eb10ce3e7736052ed3623d49975ce333bcd712c7bb19a58b9e2089d4057d0798"
            ],
            "version": "==2021.1"
        },
        "requests": {
            "hashes": [
                "sha256:11e007a8a2aa0323f5a921e9e6a2d7e4e67d9877e85773fba9ba6419025cbeb4",
                "sha256:9cf5292fcd0f598c671cfc1e0d7d1a7f13bb8085e9a590f48c010551dc6c4b31"
            ],
            "index": "pypi",
            "version": "==2.22.0"
        },
        "six": {
            "hashes": [
                "sha256:1e61c37477a1626458e36f7b1d82aa5c9b094fa4802892072e49de9c60c4c926",
                "sha256:8abb2f1d86890a2dfb989f9a77cfcfd3e47c2a354b01111771326f8aa26e0254"
            ],
            "markers": "python_version >= '2.7' and python_version not in '3.0, 3.1, 3.2, 3.3'",
            "version": "==1.16.0"
        },
        "sqlparse": {
            "hashes": [
                "sha256:017cde379adbd6a1f15a61873f43e8274179378e95ef3fede90b5aa64d304ed0",
                "sha256:0f91fd2e829c44362cbcfab3e9ae12e22badaa8a29ad5ff599f9ec109f0454e8"
            ],
            "markers": "python_version >= '3.5'",
            "version": "==0.4.1"
        },
        "urllib3": {
            "hashes": [
                "sha256:8d7eaa5a82a1cac232164990f04874c594c9453ec55eef02eab885aa02fc17a2",
                "sha256:f5321fbe4bf3fefa0efd0bfe7fb14e90909eb62a48ccda331726b4319897dd5e"
            ],
            "markers": "python_version >= '2.7' and python_version not in '3.0, 3.1, 3.2, 3.3, 3.4' and python_version < '4'",
            "version": "==1.25.11"
        }
    },
    "develop": {}
}
